
Microsoft Visual Studio Solution File, Format Version 12.00
# Visual Studio 14
VisualStudioVersion = 14.0.25420.1
MinimumVisualStudioVersion = 10.0.40219.1
Project("{FAE04EC0-301F-11D3-BF4B-00C04F79EFBC}") = "MvcMusicStore", "MvcMusicStore\MvcMusicStore.csproj", "{5CC963C4-837D-4751-857E-DB5F3BDA01FC}"
EndProject
Project("{FAE04EC0-301F-11D3-BF4B-00C04F79EFBC}") = "MvcMusicStore.Tests", "MvcMusicStore.Tests\MvcMusicStore.Tests.csproj", "{0BAE01A7-C3C4-41E4-B564-1662B72E77C1}"
EndProject
Global
	GlobalSection(SolutionConfigurationPlatforms) = preSolution
		Debug|Any CPU = Debug|Any CPU
		Release|Any CPU = Release|Any CPU
	EndGlobalSection
	GlobalSection(ProjectConfigurationPlatforms) = postSolution
		{5CC963C4-837D-4751-857E-DB5F3BDA01FC}.Debug|Any CPU.ActiveCfg = Debug|Any CPU
		{5CC963C4-837D-4751-857E-DB5F3BDA01FC}.Debug|Any CPU.Build.0 = Debug|Any CPU
		{5CC963C4-837D-4751-857E-DB5F3BDA01FC}.Release|Any CPU.ActiveCfg = Release|Any CPU
		{5CC963C4-837D-4751-857E-DB5F3BDA01FC}.Release|Any CPU.Build.0 = Release|Any CPU
		{0BAE01A7-C3C4-41E4-B564-1662B72E77C1}.Debug|Any CPU.ActiveCfg = Debug|Any CPU
		{0BAE01A7-C3C4-41E4-B564-1662B72E77C1}.Debug|Any CPU.Build.0 = Debug|Any CPU
		{0BAE01A7-C3C4-41E4-B564-1662B72E77C1}.Release|Any CPU.ActiveCfg = Release|Any CPU
		{0BAE01A7-C3C4-41E4-B564-1662B72E77C1}.Release|Any CPU.Build.0 = Release|Any CPU
	EndGlobalSection
	GlobalSection(SolutionProperties) = preSolution
		HideSolutionNode = FALSE
	EndGlobalSection
EndGlobal
